
Microsoft Visual Studio Solution File, Format Version 12.00
# Visual Studio Version 17
VisualStudioVersion = 17.0.32112.339
MinimumVisualStudioVersion = 10.0.40219.1
Project("{FAE04EC0-301F-11D3-BF4B-00C04F79EFBC}") = "Accredit Git Users Repository", "Accredit Git Users Repository.csproj", "{FBC820D8-5E15-4AB1-925A-ACAF266F0A29}"
EndProject
Global
	GlobalSection(SolutionConfigurationPlatforms) = preSolution
		Debug|Any CPU = Debug|Any CPU
		Release|Any CPU = Release|Any CPU
	EndGlobalSection
	GlobalSection(ProjectConfigurationPlatforms) = postSolution
		{FBC820D8-5E15-4AB1-925A-ACAF266F0A29}.Debug|Any CPU.ActiveCfg = Debug|Any CPU
		{FBC820D8-5E15-4AB1-925A-ACAF266F0A29}.Debug|Any CPU.Build.0 = Debug|Any CPU
		{FBC820D8-5E15-4AB1-925A-ACAF266F0A29}.Release|Any CPU.ActiveCfg = Release|Any CPU
		{FBC820D8-5E15-4AB1-925A-ACAF266F0A29}.Release|Any CPU.Build.0 = Release|Any CPU
	EndGlobalSection
	GlobalSection(SolutionProperties) = preSolution
		HideSolutionNode = FALSE
	EndGlobalSection
	GlobalSection(ExtensibilityGlobals) = postSolution
		SolutionGuid = {F1A2EF6D-CA5D-44B7-B2FF-BA09A34E939E}
	EndGlobalSection
EndGlobal
